# This file is automatically @generated by Poetry 2.1.2 and should not be changed by hand.

[[package]]
name = "click"
version = "8.1.8"
description = "Composable command line interface toolkit"
optional = false
python-versions = ">=3.7"
groups = ["main"]
files = [
    {file = "click-8.1.8-py3-none-any.whl", hash = "sha256:63c132bbbed01578a06712a2d1f497bb62d9c1c0d329b7903a866228027263b2"},
    {file = "click-8.1.8.tar.gz", hash = "sha256:ed53c9d8990d83c2a27deae68e4ee337473f6330c040a31d4225c9574d16096a"},
]

[package.dependencies]
colorama = {version = "*", markers = "platform_system == \"Windows\""}

[[package]]
name = "colorama"
version = "0.4.6"
description = "Cross-platform colored terminal text."
optional = false
python-versions = "!=3.0.*,!=3.1.*,!=3.2.*,!=3.3.*,!=3.4.*,!=3.5.*,!=3.6.*,>=2.7"
groups = ["main"]
markers = "platform_system == \"Windows\""
files = [
    {file = "colorama-0.4.6-py2.py3-none-any.whl", hash = "sha256:4f1d9991f5acc0ca119f9d443620b77f9d6b33703e51011c16baf57afb285fc6"},
    {file = "colorama-0.4.6.tar.gz", hash = "sha256:08695f5cb7ed6e0531a20572697297273c47b8cae5a63ffc6d6ed5c201be6e44"},
]

[[package]]
name = "falcon"
version = "4.0.2"
description = "The ultra-reliable, fast ASGI+WSGI framework for building data plane APIs at scale."
optional = false
python-versions = ">=3.8"
groups = ["main"]
files = [
    {file = "falcon-4.0.2-cp310-cp310-macosx_10_9_x86_64.whl", hash = "sha256:8eab0212e77017385d48be2dfe9f5b32305fc9e4066cd298e4bb39e666e114c8"},
    {file = "falcon-4.0.2-cp310-cp310-macosx_11_0_arm64.whl", hash = "sha256:942129dd3bfb56342ac368f05ff4f9be53e98883b4227089fce2fd616ebc6ef3"},
    {file = "falcon-4.0.2-cp310-cp310-manylinux_2_17_aarch64.manylinux2014_aarch64.whl", hash = "sha256:60e7b6e5ee44bb2411a7f47bb64e0b225f11cca6ddf91e5130d456242095f0d7"},
    {file = "falcon-4.0.2-cp310-cp310-manylinux_2_17_s390x.manylinux2014_s390x.whl", hash = "sha256:330f1623e579575a9e3d90c2a15aebe100b2afa1e18a4bee2ddaa9a570e97902"},
    {file = "falcon-4.0.2-cp310-cp310-manylinux_2_17_x86_64.manylinux2014_x86_64.whl", hash = "sha256:9d7cfac5cfca69373d1f65211d75767ed4f2d53b46554307427ec00a6f7f87c1"},
    {file = "falcon-4.0.2-cp310-cp310-musllinux_1_2_aarch64.whl", hash = "sha256:da3d942dd34f7a5213987bd053c3b52b6eb75fcfd342dc4fea9241f79a6529b3"},
    {file = "falcon-4.0.2-cp310-cp310-musllinux_1_2_x86_64.whl", hash = "sha256:5169e064bbe5dece52e088e3e8b17cae429f1e04c7aef8c31ae350303b19c620"},
    {file = "falcon-4.0.2-cp310-cp310-win_amd64.whl", hash = "sha256:0d62e565b9e71b52b59e03130b2b71345a6873f5299aad6a141caf4a58661b41"},
    {file = "falcon-4.0.2-cp311-cp311-macosx_10_9_x86_64.whl", hash = "sha256:cb6ee1aee9ff6a656762cf5fcd2e6c5dced410ca990016be2bc193e6b74ae9da"},
    {file = "falcon-4.0.2-cp311-cp311-macosx_11_0_arm64.whl", hash = "sha256:7f1a16d8bdc8ef9cf2832a6ca6d43b156b613fb1587cd08cc928c7b8a118ea0a"},
    {file = "falcon-4.0.2-cp311-cp311-manylinux_2_17_aarch64.manylinux2014_aarch64.whl", hash = "sha256:aee81fc4702eef5bccb640b93187fdf36ca2606fca511982069dbc60be2d1c93"},
    {file = "falcon-4.0.2-cp311-cp311-manylinux_2_17_s390x.manylinux2014_s390x.whl", hash = "sha256:9c1dbcec63d9118c3dfac1f810305128c4fffe26f4f99a7b4e379dec95fc3bfc"},
    {file = "falcon-4.0.2-cp311-cp311-manylinux_2_17_x86_64.manylinux2014_x86_64.whl", hash = "sha256:c2892ab1232d3a7cc9890b1b539c471fe04c54f826704f9d05efe5632f18efa1"},
    {file = "falcon-4.0.2-cp311-cp311-musllinux_1_2_aarch64.whl", hash = "sha256:af68482b408bde53a77b36e45317767dfc5b6fce1525f5b25d65f57f35d33fca"},
    {file = "falcon-4.0.2-cp311-cp311-musllinux_1_2_x86_64.whl", hash = "sha256:53d84de83abe1a2094b319a4f018ab6c5773d9c2c841b528662aa151ab9df35c"},
    {file = "falcon-4.0.2-cp311-cp311-win_amd64.whl", hash = "sha256:1d06bbbccdb58522b2a6bb2e79074844b0db0da1fff407725858a02515e15bbd"},
    {file = "falcon-4.0.2-cp312-cp312-macosx_10_13_x86_64.whl", hash = "sha256:23b0419a9a025745734022aaa2e65447595e539ba27352b3f59d86b288f614db"},
    {file = "falcon-4.0.2-cp312-cp312-macosx_11_0_arm64.whl", hash = "sha256:524d7b75f7368fe82e94ed16370db5a27bb4b2d066470cba53f02304264447e8"},
    {file = "falcon-4.0.2-cp312-cp312-manylinux_2_17_aarch64.manylinux2014_aarch64.whl", hash = "sha256:2c6b1d7451d5dee4be9b67a75e2a4a0b024dccffedd4e7c7a09513733b5a11db"},
    {file = "falcon-4.0.2-cp312-cp312-manylinux_2_17_s390x.manylinux2014_s390x.whl", hash = "sha256:59bb4a29626c5e610c62620a1395755e8c7b5509385b80d3637fbc8a604d29a3"},
    {file = "falcon-4.0.2-cp312-cp312-manylinux_2_17_x86_64.manylinux2014_x86_64.whl", hash = "sha256:f26c9ed2912ee48e2e1e7eca3e7e85ab664ff07bd321097a26e4ad6168059424"},
    {file = "falcon-4.0.2-cp312-cp312-musllinux_1_2_aarch64.whl", hash = "sha256:0a12bbf3482b7ef1db0c6727c2ad8be5c3ac777d892e56a170e0b4b93651c915"},
    {file = "falcon-4.0.2-cp312-cp312-musllinux_1_2_x86_64.whl", hash = "sha256:a601de7816138f17bf168262e0bceb128fdd1ea2f29ddae035585b5da9223a21"},
    {file = "falcon-4.0.2-cp312-cp312-win_amd64.whl", hash = "sha256:eec3feda4a9cd773203401e3cf425728a13bf5055b22243b1452e9ad963634f5"},
    {file = "falcon-4.0.2-cp313-cp313-macosx_10_13_x86_64.whl", hash = "sha256:110b172afe337fbae802f1402c89a5dfe6392f3b8ce4f2ecdfd5cee48f68b805"},
    {file = "falcon-4.0.2-cp313-cp313-macosx_11_0_arm64.whl", hash = "sha256:b3a5db14cf2ef05f8f9630468c03939b86dc16115a5250a1870dac3dca1e04ba"},
    {file = "falcon-4.0.2-cp313-cp313-manylinux_2_17_aarch64.manylinux2014_aarch64.whl", hash = "sha256:14e0b4d41ce29c2b5c5b18021320e9e0977ba47ade46b67face52ee1325e2ea4"},
    {file = "falcon-4.0.2-cp313-cp313-manylinux_2_17_s390x.manylinux2014_s390x.whl", hash = "sha256:56af3b8838da2e19ae56b4e1bac168669ba257d6941f94933dc4f814fe721c08"},
    {file = "falcon-4.0.2-cp313-cp313-manylinux_2_17_x86_64.manylinux2014_x86_64.whl", hash = "sha256:ec939d26dd77f57f08f3e13fb14b4e609c0baf073dc3f0c368f0e4cc10439528"},
    {file = "falcon-4.0.2-cp313-cp313-musllinux_1_2_aarch64.whl", hash = "sha256:9bfd751dd898505e17152d7ecfcdc457c9d85bceed7e651a9915183bd4afc86b"},
    {file = "falcon-4.0.2-cp313-cp313-musllinux_1_2_x86_64.whl", hash = "sha256:4b85f9c6f50a7465303290cb305404ea5c1ddeff6702179c1a8879c4693b0e5e"},
    {file = "falcon-4.0.2-cp313-cp313-win_amd64.whl", hash = "sha256:a410e4023999a74ccf615fafa646b112044b987ef5901c8e5c5b79b163f2b3ba"},
    {file = "falcon-4.0.2-cp38-cp38-manylinux_2_17_x86_64.manylinux2014_x86_64.whl", hash = "sha256:90ba6475a6dc591e72f23f3751476711f9a820a6eca05cb9435c9d039f7c534c"},
    {file = "falcon-4.0.2-cp38-cp38-musllinux_1_2_x86_64.whl", hash = "sha256:90c8614f8fc7bf144338cbd9f9ac2ccf824c139e57f8122d3e873e92e4a4b053"},
    {file = "falcon-4.0.2-cp39-cp39-macosx_10_9_x86_64.whl", hash = "sha256:f9709fd9181f58d492463b951cc42fb33b230e8f261128bc8252a37a4553f318"},
    {file = "falcon-4.0.2-cp39-cp39-macosx_11_0_arm64.whl", hash = "sha256:427c20ceb367039b856506d7baeef17c7f0c40b8fcbf1147c0e76f33a574a7cf"},
    {file = "falcon-4.0.2-cp39-cp39-manylinux_2_17_aarch64.manylinux2014_aarch64.whl", hash = "sha256:1fb50cebc3cae6720ccf4a05fccb233ea6a88e803828a07c063d6dce10a74e0e"},
    {file = "falcon-4.0.2-cp39-cp39-manylinux_2_17_s390x.manylinux2014_s390x.whl", hash = "sha256:628c450e14af811f13db6334265d7ff8a7b8a25ece1bde35d09a367a72046533"},
    {file = "falcon-4.0.2-cp39-cp39-manylinux_2_17_x86_64.manylinux2014_x86_64.whl", hash = "sha256:e04b30a7f89e5413e00c5cd1ea62bf7948323eb0220f8a5bbf705abae266a384"},
    {file = "falcon-4.0.2-cp39-cp39-musllinux_1_2_aarch64.whl", hash = "sha256:9095a36b8eeb80207322393b3bc88edaacd0426c2907e8427617618421bde9cc"},
    {file = "falcon-4.0.2-cp39-cp39-musllinux_1_2_x86_64.whl", hash = "sha256:0adc6c2887f9d7ed55fe38edef055cc85c26762e392d80dca8765184c180b921"},
    {file = "falcon-4.0.2-cp39-cp39-win_amd64.whl", hash = "sha256:7bffb4cadcbf7c5994695d421ef5305ad8315cfbefe971713046967614f0ffa4"},
    {file = "falcon-4.0.2-py3-none-any.whl", hash = "sha256:077b2abf001940c6128c9b5872ae8147fe13f6ca333f928d8045d7601a5e847e"},
    {file = "falcon-4.0.2.tar.gz", hash = "sha256:58f4b9c9da4c9b1e2c9f396ad7ef897701b3c7c7c87227f0bd1aee40c7fbc525"},
]

[package.extras]
test = ["pytest"]

[[package]]
name = "h11"
version = "0.14.0"
description = "A pure-Python, bring-your-own-I/O implementation of HTTP/1.1"
optional = false
python-versions = ">=3.7"
groups = ["main"]
files = [
    {file = "h11-0.14.0-py3-none-any.whl", hash = "sha256:e3fe4ac4b851c468cc8363d500db52c2ead036020723024a109d37346efaa761"},
    {file = "h11-0.14.0.tar.gz", hash = "sha256:8f19fbbe99e72420ff35c00b27a34cb9937e902a8b810e2c88300c6f0a3b699d"},
]

[[package]]
name = "uvicorn"
version = "0.34.0"
description = "The lightning-fast ASGI server."
optional = false
python-versions = ">=3.9"
groups = ["main"]
files = [
    {file = "uvicorn-0.34.0-py3-none-any.whl", hash = "sha256:023dc038422502fa28a09c7a30bf2b6991512da7dcdb8fd35fe57cfc154126f4"},
    {file = "uvicorn-0.34.0.tar.gz", hash = "sha256:404051050cd7e905de2c9a7e61790943440b3416f49cb409f965d9dcd0fa73e9"},
]

[package.dependencies]
click = ">=7.0"
h11 = ">=0.8"

[package.extras]
standard = ["colorama (>=0.4) ; sys_platform == \"win32\"", "httptools (>=0.6.3)", "python-dotenv (>=0.13)", "pyyaml (>=5.1)", "uvloop (>=0.14.0,!=0.15.0,!=0.15.1) ; sys_platform != \"win32\" and sys_platform != \"cygwin\" and platform_python_implementation != \"PyPy\"", "watchfiles (>=0.13)", "websockets (>=10.4)"]

[metadata]
lock-version = "2.1"
python-versions = ">=3.12"
content-hash = "a1ae54d6aa5b0a755f44adefd0eab9c891561a0d64739e3ebd9268c70555234e"
